// !$*UTF8*$!
{
	archiveVersion = 1;
	classes = {
	};
	objectVersion = 77;
	objects = {

/* Begin PBXBuildFile section */
		BC175F942DFACA0500C0F9FC /* Scenes in Frameworks */ = {isa = PBXBuildFile; productRef = BC175F932DFACA0500C0F9FC /* Scenes */; };
/* End PBXBuildFile section */

/* Begin PBXContainerItemProxy section */
		BC1651C12DF7016E0072E0D3 /* PBXContainerItemProxy */ = {
			isa = PBXContainerItemProxy;
			containerPortal = BC16519F2DF7016C0072E0D3 /* Project object */;
			proxyType = 1;
			remoteGlobalIDString = BC1651A62DF7016C0072E0D3;
			remoteInfo = "Solar-Wind-iOS-app";
		};
		BC1651CB2DF7016E0072E0D3 /* PBXContainerItemProxy */ = {
			isa = PBXContainerItemProxy;
			containerPortal = BC16519F2DF7016C0072E0D3 /* Project object */;
			proxyType = 1;
			remoteGlobalIDString = BC1651A62DF7016C0072E0D3;
			remoteInfo = "Solar-Wind-iOS-app";
		};
/* End PBXContainerItemProxy section */

/* Begin PBXFileReference section */
		BC1651A72DF7016C0072E0D3 /* Solar-Wind-iOS-app.app */ = {isa = PBXFileReference; explicitFileType = wrapper.application; includeInIndex = 0; path = "Solar-Wind-iOS-app.app"; sourceTree = BUILT_PRODUCTS_DIR; };
		BC1651C02DF7016E0072E0D3 /* Solar-Wind-iOS-appTests.xctest */ = {isa = PBXFileReference; explicitFileType = wrapper.cfbundle; includeInIndex = 0; path = "Solar-Wind-iOS-appTests.xctest"; sourceTree = BUILT_PRODUCTS_DIR; };
		BC1651CA2DF7016E0072E0D3 /* Solar-Wind-iOS-appUITests.xctest */ = {isa = PBXFileReference; explicitFileType = wrapper.cfbundle; includeInIndex = 0; path = "Solar-Wind-iOS-appUITests.xctest"; sourceTree = BUILT_PRODUCTS_DIR; };
/* End PBXFileReference section */

/* Begin PBXFileSystemSynchronizedBuildFileExceptionSet section */
		BC1651D22DF7016E0072E0D3 /* Exceptions for "Solar-Wind-iOS-app" folder in "Solar-Wind-iOS-app" target */ = {
			isa = PBXFileSystemSynchronizedBuildFileExceptionSet;
			membershipExceptions = (
				Info.plist,
			);
			target = BC1651A62DF7016C0072E0D3 /* Solar-Wind-iOS-app */;
		};
/* End PBXFileSystemSynchronizedBuildFileExceptionSet section */

/* Begin PBXFileSystemSynchronizedRootGroup section */
		BC1651A92DF7016C0072E0D3 /* Solar-Wind-iOS-app */ = {
			isa = PBXFileSystemSynchronizedRootGroup;
			exceptions = (
				BC1651D22DF7016E0072E0D3 /* Exceptions for "Solar-Wind-iOS-app" folder in "Solar-Wind-iOS-app" target */,
			);
			path = "Solar-Wind-iOS-app";
			sourceTree = "<group>";
		};
		BC1651C32DF7016E0072E0D3 /* Solar-Wind-iOS-appTests */ = {
			isa = PBXFileSystemSynchronizedRootGroup;
			path = "Solar-Wind-iOS-appTests";
			sourceTree = "<group>";
		};
		BC1651CD2DF7016E0072E0D3 /* Solar-Wind-iOS-appUITests */ = {
			isa = PBXFileSystemSynchronizedRootGroup;
			path = "Solar-Wind-iOS-appUITests";
			sourceTree = "<group>";
		};
		BCCFA6152DF8C3F30054E8AE /* Packages */ = {
			isa = PBXFileSystemSynchronizedRootGroup;
			path = Packages;
			sourceTree = "<group>";
		};
/* End PBXFileSystemSynchronizedRootGroup section */

/* Begin PBXFrameworksBuildPhase section */
		BC1651A42DF7016C0072E0D3 /* Frameworks */ = {
			isa = PBXFrameworksBuildPhase;
			buildActionMask = 2147483647;
			files = (
				BC175F942DFACA0500C0F9FC /* Scenes in Frameworks */,
			);
			runOnlyForDeploymentPostprocessing = 0;
		};
		BC1651BD2DF7016E0072E0D3 /* Frameworks */ = {
			isa = PBXFrameworksBuildPhase;
			buildActionMask = 2147483647;
			files = (
			);
			runOnlyForDeploymentPostprocessing = 0;
		};
		BC1651C72DF7016E0072E0D3 /* Frameworks */ = {
			isa = PBXFrameworksBuildPhase;
			buildActionMask = 2147483647;
			files = (
			);
			runOnlyForDeploymentPostprocessing = 0;
		};
/* End PBXFrameworksBuildPhase section */

/* Begin PBXGroup section */
		BC16519E2DF7016C0072E0D3 = {
			isa = PBXGroup;
			children = (
				BCCFA6152DF8C3F30054E8AE /* Packages */,
				BC1651C32DF7016E0072E0D3 /* Solar-Wind-iOS-appTests */,
				BC1651CD2DF7016E0072E0D3 /* Solar-Wind-iOS-appUITests */,
				BC1651A82DF7016C0072E0D3 /* Products */,
				BC1651A92DF7016C0072E0D3 /* Solar-Wind-iOS-app */,
				BC175F922DFACA0500C0F9FC /* Frameworks */,
			);
			sourceTree = "<group>";
		};
		BC1651A82DF7016C0072E0D3 /* Products */ = {
			isa = PBXGroup;
			children = (
				BC1651A72DF7016C0072E0D3 /* Solar-Wind-iOS-app.app */,
				BC1651C02DF7016E0072E0D3 /* Solar-Wind-iOS-appTests.xctest */,
				BC1651CA2DF7016E0072E0D3 /* Solar-Wind-iOS-appUITests.xctest */,
			);
			name = Products;
			sourceTree = "<group>";
		};
		BC175F922DFACA0500C0F9FC /* Frameworks */ = {
			isa = PBXGroup;
			children = (
			);
			name = Frameworks;
			sourceTree = "<group>";
		};
/* End PBXGroup section */

/* Begin PBXNativeTarget section */
		BC1651A62DF7016C0072E0D3 /* Solar-Wind-iOS-app */ = {
			isa = PBXNativeTarget;
			buildConfigurationList = BC1651D32DF7016E0072E0D3 /* Build configuration list for PBXNativeTarget "Solar-Wind-iOS-app" */;
			buildPhases = (
				BC1651A32DF7016C0072E0D3 /* Sources */,
				BC1651A42DF7016C0072E0D3 /* Frameworks */,
				BC1651A52DF7016C0072E0D3 /* Resources */,
			);
			buildRules = (
			);
			dependencies = (
			);
			fileSystemSynchronizedGroups = (
				BC1651A92DF7016C0072E0D3 /* Solar-Wind-iOS-app */,
				BCCFA6152DF8C3F30054E8AE /* Packages */,
			);
			name = "Solar-Wind-iOS-app";
			packageProductDependencies = (
				BC175F932DFACA0500C0F9FC /* Scenes */,
			);
			productName = "Solar-Wind-iOS-app";
			productReference = BC1651A72DF7016C0072E0D3 /* Solar-Wind-iOS-app.app */;
			productType = "com.apple.product-type.application";
		};
		BC1651BF2DF7016E0072E0D3 /* Solar-Wind-iOS-appTests */ = {
			isa = PBXNativeTarget;
			buildConfigurationList = BC1651D82DF7016E0072E0D3 /* Build configuration list for PBXNativeTarget "Solar-Wind-iOS-appTests" */;
			buildPhases = (
				BC1651BC2DF7016E0072E0D3 /* Sources */,
				BC1651BD2DF7016E0072E0D3 /* Frameworks */,
				BC1651BE2DF7016E0072E0D3 /* Resources */,
			);
			buildRules = (
			);
			dependencies = (
				BC1651C22DF7016E0072E0D3 /* PBXTargetDependency */,
			);
			fileSystemSynchronizedGroups = (
				BC1651C32DF7016E0072E0D3 /* Solar-Wind-iOS-appTests */,
			);
			name = "Solar-Wind-iOS-appTests";
			packageProductDependencies = (
			);
			productName = "Solar-Wind-iOS-appTests";
			productReference = BC1651C02DF7016E0072E0D3 /* Solar-Wind-iOS-appTests.xctest */;
			productType = "com.apple.product-type.bundle.unit-test";
		};
		BC1651C92DF7016E0072E0D3 /* Solar-Wind-iOS-appUITests */ = {
			isa = PBXNativeTarget;
			buildConfigurationList = BC1651DB2DF7016E0072E0D3 /* Build configuration list for PBXNativeTarget "Solar-Wind-iOS-appUITests" */;
			buildPhases = (
				BC1651C62DF7016E0072E0D3 /* Sources */,
				BC1651C72DF7016E0072E0D3 /* Frameworks */,
				BC1651C82DF7016E0072E0D3 /* Resources */,
			);
			buildRules = (
			);
			dependencies = (
				BC1651CC2DF7016E0072E0D3 /* PBXTargetDependency */,
			);
			fileSystemSynchronizedGroups = (
				BC1651CD2DF7016E0072E0D3 /* Solar-Wind-iOS-appUITests */,
			);
			name = "Solar-Wind-iOS-appUITests";
			packageProductDependencies = (
			);
			productName = "Solar-Wind-iOS-appUITests";
			productReference = BC1651CA2DF7016E0072E0D3 /* Solar-Wind-iOS-appUITests.xctest */;
			productType = "com.apple.product-type.bundle.ui-testing";
		};
/* End PBXNativeTarget section */

/* Begin PBXProject section */
		BC16519F2DF7016C0072E0D3 /* Project object */ = {
			isa = PBXProject;
			attributes = {
				BuildIndependentTargetsInParallel = 1;
				LastSwiftUpdateCheck = 1620;
				LastUpgradeCheck = 1620;
				TargetAttributes = {
					BC1651A62DF7016C0072E0D3 = {
						CreatedOnToolsVersion = 16.2;
					};
					BC1651BF2DF7016E0072E0D3 = {
						CreatedOnToolsVersion = 16.2;
						TestTargetID = BC1651A62DF7016C0072E0D3;
					};
					BC1651C92DF7016E0072E0D3 = {
						CreatedOnToolsVersion = 16.2;
						TestTargetID = BC1651A62DF7016C0072E0D3;
					};
				};
			};
			buildConfigurationList = BC1651A22DF7016C0072E0D3 /* Build configuration list for PBXProject "Solar-Wind-iOS-app" */;
			developmentRegion = en;
			hasScannedForEncodings = 0;
			knownRegions = (
				en,
				Base,
			);
			mainGroup = BC16519E2DF7016C0072E0D3;
			minimizedProjectReferenceProxies = 1;
			preferredProjectObjectVersion = 77;
			productRefGroup = BC1651A82DF7016C0072E0D3 /* Products */;
			projectDirPath = "";
			projectRoot = "";
			targets = (
				BC1651A62DF7016C0072E0D3 /* Solar-Wind-iOS-app */,
				BC1651BF2DF7016E0072E0D3 /* Solar-Wind-iOS-appTests */,
				BC1651C92DF7016E0072E0D3 /* Solar-Wind-iOS-appUITests */,
			);
		};
/* End PBXProject section */

/* Begin PBXResourcesBuildPhase section */
		BC1651A52DF7016C0072E0D3 /* Resources */ = {
			isa = PBXResourcesBuildPhase;
			buildActionMask = 2147483647;
			files = (
			);
			runOnlyForDeploymentPostprocessing = 0;
		};
		BC1651BE2DF7016E0072E0D3 /* Resources */ = {
			isa = PBXResourcesBuildPhase;
			buildActionMask = 2147483647;
			files = (
			);
			runOnlyForDeploymentPostprocessing = 0;
		};
		BC1651C82DF7016E0072E0D3 /* Resources */ = {
			isa = PBXResourcesBuildPhase;
			buildActionMask = 2147483647;
			files = (
			);
			runOnlyForDeploymentPostprocessing = 0;
		};
/* End PBXResourcesBuildPhase section */

/* Begin PBXSourcesBuildPhase section */
		BC1651A32DF7016C0072E0D3 /* Sources */ = {
			isa = PBXSourcesBuildPhase;
			buildActionMask = 2147483647;
			files = (
			);
			runOnlyForDeploymentPostprocessing = 0;
		};
		BC1651BC2DF7016E0072E0D3 /* Sources */ = {
			isa = PBXSourcesBuildPhase;
			buildActionMask = 2147483647;
			files = (
			);
			runOnlyForDeploymentPostprocessing = 0;
		};
		BC1651C62DF7016E0072E0D3 /* Sources */ = {
			isa = PBXSourcesBuildPhase;
			buildActionMask = 2147483647;
			files = (
			);
			runOnlyForDeploymentPostprocessing = 0;
		};
/* End PBXSourcesBuildPhase section */

/* Begin PBXTargetDependency section */
		BC1651C22DF7016E0072E0D3 /* PBXTargetDependency */ = {
			isa = PBXTargetDependency;
			target = BC1651A62DF7016C0072E0D3 /* Solar-Wind-iOS-app */;
			targetProxy = BC1651C12DF7016E0072E0D3 /* PBXContainerItemProxy */;
		};
		BC1651CC2DF7016E0072E0D3 /* PBXTargetDependency */ = {
			isa = PBXTargetDependency;
			target = BC1651A62DF7016C0072E0D3 /* Solar-Wind-iOS-app */;
			targetProxy = BC1651CB2DF7016E0072E0D3 /* PBXContainerItemProxy */;
		};
/* End PBXTargetDependency section */

/* Begin XCBuildConfiguration section */
		BC1651D42DF7016E0072E0D3 /* Debug */ = {
			isa = XCBuildConfiguration;
			buildSettings = {
				ASSETCATALOG_COMPILER_APPICON_NAME = AppIcon;
				ASSETCATALOG_COMPILER_GLOBAL_ACCENT_COLOR_NAME = AccentColor;
				CODE_SIGN_STYLE = Automatic;
				CURRENT_PROJECT_VERSION = 1;
				DEVELOPMENT_TEAM = AYFB8X5DZV;
				GENERATE_INFOPLIST_FILE = YES;
				INFOPLIST_FILE = "Solar-Wind-iOS-app/Info.plist";
				INFOPLIST_KEY_UIApplicationSupportsIndirectInputEvents = YES;
				INFOPLIST_KEY_UILaunchStoryboardName = LaunchScreen;
				INFOPLIST_KEY_UISupportedInterfaceOrientations_iPad = "UIInterfaceOrientationPortrait UIInterfaceOrientationPortraitUpsideDown UIInterfaceOrientationLandscapeLeft UIInterfaceOrientationLandscapeRight";
				INFOPLIST_KEY_UISupportedInterfaceOrientations_iPhone = "UIInterfaceOrientationPortrait UIInterfaceOrientationLandscapeLeft UIInterfaceOrientationLandscapeRight";
				IPHONEOS_DEPLOYMENT_TARGET = 17.6;
				LD_RUNPATH_SEARCH_PATHS = (
					"$(inherited)",
					"@executable_path/Frameworks",
				);
				MARKETING_VERSION = 1.0;
				PRODUCT_BUNDLE_IDENTIFIER = "dn.Solar-Wind-iOS-app";
				PRODUCT_NAME = "$(TARGET_NAME)";
				SWIFT_EMIT_LOC_STRINGS = YES;
				SWIFT_VERSION = 5.0;
				TARGETED_DEVICE_FAMILY = "1,2";
			};
			name = Debug;
		};
		BC1651D52DF7016E0072E0D3 /* Release */ = {
			isa = XCBuildConfiguration;
			buildSettings = {
				ASSETCATALOG_COMPILER_APPICON_NAME = AppIcon;
				ASSETCATALOG_COMPILER_GLOBAL_ACCENT_COLOR_NAME = AccentColor;
				CODE_SIGN_STYLE = Automatic;
				CURRENT_PROJECT_VERSION = 1;
				DEVELOPMENT_TEAM = AYFB8X5DZV;
				GENERATE_INFOPLIST_FILE = YES;
				INFOPLIST_FILE = "Solar-Wind-iOS-app/Info.plist";
				INFOPLIST_KEY_UIApplicationSupportsIndirectInputEvents = YES;
				INFOPLIST_KEY_UILaunchStoryboardName = LaunchScreen;
				INFOPLIST_KEY_UISupportedInterfaceOrientations_iPad = "UIInterfaceOrientationPortrait UIInterfaceOrientationPortraitUpsideDown UIInterfaceOrientationLandscapeLeft UIInterfaceOrientationLandscapeRight";
				INFOPLIST_KEY_UISupportedInterfaceOrientations_iPhone = "UIInterfaceOrientationPortrait UIInterfaceOrientationLandscapeLeft UIInterfaceOrientationLandscapeRight";
				IPHONEOS_DEPLOYMENT_TARGET = 17.6;
				LD_RUNPATH_SEARCH_PATHS = (
					"$(inherited)",
					"@executable_path/Frameworks",
				);
				MARKETING_VERSION = 1.0;
				PRODUCT_BUNDLE_IDENTIFIER = "dn.Solar-Wind-iOS-app";
				PRODUCT_NAME = "$(TARGET_NAME)";
				SWIFT_EMIT_LOC_STRINGS = YES;
				SWIFT_VERSION = 5.0;
				TARGETED_DEVICE_FAMILY = "1,2";
			};
			name = Release;
		};
		BC1651D62DF7016E0072E0D3 /* Debug */ = {
			isa = XCBuildConfiguration;
			buildSettings = {
				ALWAYS_SEARCH_USER_PATHS = NO;
				ASSETCATALOG_COMPILER_GENERATE_SWIFT_ASSET_SYMBOL_EXTENSIONS = YES;
				CLANG_ANALYZER_NONNULL = YES;
				CLANG_ANALYZER_NUMBER_OBJECT_CONVERSION = YES_AGGRESSIVE;
				CLANG_CXX_LANGUAGE_STANDARD = "gnu++20";
				CLANG_ENABLE_MODULES = YES;
				CLANG_ENABLE_OBJC_ARC = YES;
				CLANG_ENABLE_OBJC_WEAK = YES;
				CLANG_WARN_BLOCK_CAPTURE_AUTORELEASING = YES;
				CLANG_WARN_BOOL_CONVERSION = YES;
				CLANG_WARN_COMMA = YES;
				CLANG_WARN_CONSTANT_CONVERSION = YES;
				CLANG_WARN_DEPRECATED_OBJC_IMPLEMENTATIONS = YES;
				CLANG_WARN_DIRECT_OBJC_ISA_USAGE = YES_ERROR;
				CLANG_WARN_DOCUMENTATION_COMMENTS = YES;
				CLANG_WARN_EMPTY_BODY = YES;
				CLANG_WARN_ENUM_CONVERSION = YES;
				CLANG_WARN_INFINITE_RECURSION = YES;
				CLANG_WARN_INT_CONVERSION = YES;
				CLANG_WARN_NON_LITERAL_NULL_CONVERSION = YES;
				CLANG_WARN_OBJC_IMPLICIT_RETAIN_SELF = YES;
				CLANG_WARN_OBJC_LITERAL_CONVERSION = YES;
				CLANG_WARN_OBJC_ROOT_CLASS = YES_ERROR;
				CLANG_WARN_QUOTED_INCLUDE_IN_FRAMEWORK_HEADER = YES;
				CLANG_WARN_RANGE_LOOP_ANALYSIS = YES;
				CLANG_WARN_STRICT_PROTOTYPES = YES;
				CLANG_WARN_SUSPICIOUS_MOVE = YES;
				CLANG_WARN_UNGUARDED_AVAILABILITY = YES_AGGRESSIVE;
				CLANG_WARN_UNREACHABLE_CODE = YES;
				CLANG_WARN__DUPLICATE_METHOD_MATCH = YES;
				COPY_PHASE_STRIP = NO;
				DEBUG_INFORMATION_FORMAT = dwarf;
				ENABLE_STRICT_OBJC_MSGSEND = YES;
				ENABLE_TESTABILITY = YES;
				ENABLE_USER_SCRIPT_SANDBOXING = YES;
				GCC_C_LANGUAGE_STANDARD = gnu17;
				GCC_DYNAMIC_NO_PIC = NO;
				GCC_NO_COMMON_BLOCKS = YES;
				GCC_OPTIMIZATION_LEVEL = 0;
				GCC_PREPROCESSOR_DEFINITIONS = (
					"DEBUG=1",
					"$(inherited)",
				);
				GCC_WARN_64_TO_32_BIT_CONVERSION = YES;
				GCC_WARN_ABOUT_RETURN_TYPE = YES_ERROR;
				GCC_WARN_UNDECLARED_SELECTOR = YES;
				GCC_WARN_UNINITIALIZED_AUTOS = YES_AGGRESSIVE;
				GCC_WARN_UNUSED_FUNCTION = YES;
				GCC_WARN_UNUSED_VARIABLE = YES;
				IPHONEOS_DEPLOYMENT_TARGET = 18.2;
				LOCALIZATION_PREFERS_STRING_CATALOGS = YES;
				MTL_ENABLE_DEBUG_INFO = INCLUDE_SOURCE;
				MTL_FAST_MATH = YES;
				ONLY_ACTIVE_ARCH = YES;
				SDKROOT = iphoneos;
				SWIFT_ACTIVE_COMPILATION_CONDITIONS = "DEBUG $(inherited)";
				SWIFT_OPTIMIZATION_LEVEL = "-Onone";
			};
			name = Debug;
		};
		BC1651D72DF7016E0072E0D3 /* Release */ = {
			isa = XCBuildConfiguration;
			buildSettings = {
				ALWAYS_SEARCH_USER_PATHS = NO;
				ASSETCATALOG_COMPILER_GENERATE_SWIFT_ASSET_SYMBOL_EXTENSIONS = YES;
				CLANG_ANALYZER_NONNULL = YES;
				CLANG_ANALYZER_NUMBER_OBJECT_CONVERSION = YES_AGGRESSIVE;
				CLANG_CXX_LANGUAGE_STANDARD = "gnu++20";
				CLANG_ENABLE_MODULES = YES;
				CLANG_ENABLE_OBJC_ARC = YES;
				CLANG_ENABLE_OBJC_WEAK = YES;
				CLANG_WARN_BLOCK_CAPTURE_AUTORELEASING = YES;
				CLANG_WARN_BOOL_CONVERSION = YES;
				CLANG_WARN_COMMA = YES;
				CLANG_WARN_CONSTANT_CONVERSION = YES;
				CLANG_WARN_DEPRECATED_OBJC_IMPLEMENTATIONS = YES;
				CLANG_WARN_DIRECT_OBJC_ISA_USAGE = YES_ERROR;
				CLANG_WARN_DOCUMENTATION_COMMENTS = YES;
				CLANG_WARN_EMPTY_BODY = YES;
				CLANG_WARN_ENUM_CONVERSION = YES;
				CLANG_WARN_INFINITE_RECURSION = YES;
				CLANG_WARN_INT_CONVERSION = YES;
				CLANG_WARN_NON_LITERAL_NULL_CONVERSION = YES;
				CLANG_WARN_OBJC_IMPLICIT_RETAIN_SELF = YES;
				CLANG_WARN_OBJC_LITERAL_CONVERSION = YES;
				CLANG_WARN_OBJC_ROOT_CLASS = YES_ERROR;
				CLANG_WARN_QUOTED_INCLUDE_IN_FRAMEWORK_HEADER = YES;
				CLANG_WARN_RANGE_LOOP_ANALYSIS = YES;
				CLANG_WARN_STRICT_PROTOTYPES = YES;
				CLANG_WARN_SUSPICIOUS_MOVE = YES;
				CLANG_WARN_UNGUARDED_AVAILABILITY = YES_AGGRESSIVE;
				CLANG_WARN_UNREACHABLE_CODE = YES;
				CLANG_WARN__DUPLICATE_METHOD_MATCH = YES;
				COPY_PHASE_STRIP = NO;
				DEBUG_INFORMATION_FORMAT = "dwarf-with-dsym";
				ENABLE_NS_ASSERTIONS = NO;
				ENABLE_STRICT_OBJC_MSGSEND = YES;
				ENABLE_USER_SCRIPT_SANDBOXING = YES;
				GCC_C_LANGUAGE_STANDARD = gnu17;
				GCC_NO_COMMON_BLOCKS = YES;
				GCC_WARN_64_TO_32_BIT_CONVERSION = YES;
				GCC_WARN_ABOUT_RETURN_TYPE = YES_ERROR;
				GCC_WARN_UNDECLARED_SELECTOR = YES;
				GCC_WARN_UNINITIALIZED_AUTOS = YES_AGGRESSIVE;
				GCC_WARN_UNUSED_FUNCTION = YES;
				GCC_WARN_UNUSED_VARIABLE = YES;
				IPHONEOS_DEPLOYMENT_TARGET = 18.2;
				LOCALIZATION_PREFERS_STRING_CATALOGS = YES;
				MTL_ENABLE_DEBUG_INFO = NO;
				MTL_FAST_MATH = YES;
				SDKROOT = iphoneos;
				SWIFT_COMPILATION_MODE = wholemodule;
				VALIDATE_PRODUCT = YES;
			};
			name = Release;
		};
		BC1651D92DF7016E0072E0D3 /* Debug */ = {
			isa = XCBuildConfiguration;
			buildSettings = {
				BUNDLE_LOADER = "$(TEST_HOST)";
				CODE_SIGN_STYLE = Automatic;
				CURRENT_PROJECT_VERSION = 1;
				DEVELOPMENT_TEAM = AYFB8X5DZV;
				GENERATE_INFOPLIST_FILE = YES;
				IPHONEOS_DEPLOYMENT_TARGET = 18.2;
				MARKETING_VERSION = 1.0;
				PRODUCT_BUNDLE_IDENTIFIER = "dn.Solar-Wind-iOS-appTests";
				PRODUCT_NAME = "$(TARGET_NAME)";
				SWIFT_EMIT_LOC_STRINGS = NO;
				SWIFT_VERSION = 5.0;
				TARGETED_DEVICE_FAMILY = "1,2";
				TEST_HOST = "$(BUILT_PRODUCTS_DIR)/Solar-Wind-iOS-app.app/$(BUNDLE_EXECUTABLE_FOLDER_PATH)/Solar-Wind-iOS-app";
			};
			name = Debug;
		};
		BC1651DA2DF7016E0072E0D3 /* Release */ = {
			isa = XCBuildConfiguration;
			buildSettings = {
				BUNDLE_LOADER = "$(TEST_HOST)";
				CODE_SIGN_STYLE = Automatic;
				CURRENT_PROJECT_VERSION = 1;
				DEVELOPMENT_TEAM = AYFB8X5DZV;
				GENERATE_INFOPLIST_FILE = YES;
				IPHONEOS_DEPLOYMENT_TARGET = 18.2;
				MARKETING_VERSION = 1.0;
				PRODUCT_BUNDLE_IDENTIFIER = "dn.Solar-Wind-iOS-appTests";
				PRODUCT_NAME = "$(TARGET_NAME)";
				SWIFT_EMIT_LOC_STRINGS = NO;
				SWIFT_VERSION = 5.0;
				TARGETED_DEVICE_FAMILY = "1,2";
				TEST_HOST = "$(BUILT_PRODUCTS_DIR)/Solar-Wind-iOS-app.app/$(BUNDLE_EXECUTABLE_FOLDER_PATH)/Solar-Wind-iOS-app";
			};
			name = Release;
		};
		BC1651DC2DF7016E0072E0D3 /* Debug */ = {
			isa = XCBuildConfiguration;
			buildSettings = {
				CODE_SIGN_STYLE = Automatic;
				CURRENT_PROJECT_VERSION = 1;
				DEVELOPMENT_TEAM = AYFB8X5DZV;
				GENERATE_INFOPLIST_FILE = YES;
				MARKETING_VERSION = 1.0;
				PRODUCT_BUNDLE_IDENTIFIER = "dn.Solar-Wind-iOS-appUITests";
				PRODUCT_NAME = "$(TARGET_NAME)";
				SWIFT_EMIT_LOC_STRINGS = NO;
				SWIFT_VERSION = 5.0;
				TARGETED_DEVICE_FAMILY = "1,2";
				TEST_TARGET_NAME = "Solar-Wind-iOS-app";
			};
			name = Debug;
		};
		BC1651DD2DF7016E0072E0D3 /* Release */ = {
			isa = XCBuildConfiguration;
			buildSettings = {
				CODE_SIGN_STYLE = Automatic;
				CURRENT_PROJECT_VERSION = 1;
				DEVELOPMENT_TEAM = AYFB8X5DZV;
				GENERATE_INFOPLIST_FILE = YES;
				MARKETING_VERSION = 1.0;
				PRODUCT_BUNDLE_IDENTIFIER = "dn.Solar-Wind-iOS-appUITests";
				PRODUCT_NAME = "$(TARGET_NAME)";
				SWIFT_EMIT_LOC_STRINGS = NO;
				SWIFT_VERSION = 5.0;
				TARGETED_DEVICE_FAMILY = "1,2";
				TEST_TARGET_NAME = "Solar-Wind-iOS-app";
			};
			name = Release;
		};
/* End XCBuildConfiguration section */

/* Begin XCConfigurationList section */
		BC1651A22DF7016C0072E0D3 /* Build configuration list for PBXProject "Solar-Wind-iOS-app" */ = {
			isa = XCConfigurationList;
			buildConfigurations = (
				BC1651D62DF7016E0072E0D3 /* Debug */,
				BC1651D72DF7016E0072E0D3 /* Release */,
			);
			defaultConfigurationIsVisible = 0;
			defaultConfigurationName = Release;
		};
		BC1651D32DF7016E0072E0D3 /* Build configuration list for PBXNativeTarget "Solar-Wind-iOS-app" */ = {
			isa = XCConfigurationList;
			buildConfigurations = (
				BC1651D42DF7016E0072E0D3 /* Debug */,
				BC1651D52DF7016E0072E0D3 /* Release */,
			);
			defaultConfigurationIsVisible = 0;
			defaultConfigurationName = Release;
		};
		BC1651D82DF7016E0072E0D3 /* Build configuration list for PBXNativeTarget "Solar-Wind-iOS-appTests" */ = {
			isa = XCConfigurationList;
			buildConfigurations = (
				BC1651D92DF7016E0072E0D3 /* Debug */,
				BC1651DA2DF7016E0072E0D3 /* Release */,
			);
			defaultConfigurationIsVisible = 0;
			defaultConfigurationName = Release;
		};
		BC1651DB2DF7016E0072E0D3 /* Build configuration list for PBXNativeTarget "Solar-Wind-iOS-appUITests" */ = {
			isa = XCConfigurationList;
			buildConfigurations = (
				BC1651DC2DF7016E0072E0D3 /* Debug */,
				BC1651DD2DF7016E0072E0D3 /* Release */,
			);
			defaultConfigurationIsVisible = 0;
			defaultConfigurationName = Release;
		};
/* End XCConfigurationList section */

/* Begin XCSwiftPackageProductDependency section */
		BC175F932DFACA0500C0F9FC /* Scenes */ = {
			isa = XCSwiftPackageProductDependency;
			productName = Scenes;
		};
/* End XCSwiftPackageProductDependency section */
	};
	rootObject = BC16519F2DF7016C0072E0D3 /* Project object */;
}
